
Microsoft Visual Studio Solution File, Format Version 12.00
# Visual Studio Version 17
VisualStudioVersion = 17.9.34616.47
MinimumVisualStudioVersion = 10.0.40219.1
Project("{8BC9CEB8-8B4A-11D0-8D11-00A0C91BC942}") = "PointerdanFriendClass_0161", "PointerdanFriendClass_0161.vcxproj", "{9AB85D50-15AC-40ED-9D7B-E8AD8988B4D7}"
EndProject
Project("{8BC9CEB8-8B4A-11D0-8D11-00A0C91BC942}") = "pointer dengan objek sendiri", "pointer dengan objek sendiri\pointer dengan objek sendiri.vcxproj", "{3B18CB3D-4CD6-44A1-9735-2F0DB81CF6ED}"
EndProject
Project("{8BC9CEB8-8B4A-11D0-8D11-00A0C91BC942}") = "Frame Class", "Frame Class\Frame Class.vcxproj", "{56304F71-0236-4A8D-9BC5-E06488F2ED3D}"
EndProject
Global
	GlobalSection(SolutionConfigurationPlatforms) = preSolution
		Debug|x64 = Debug|x64
		Debug|x86 = Debug|x86
		Release|x64 = Release|x64
		Release|x86 = Release|x86
	EndGlobalSection
	GlobalSection(ProjectConfigurationPlatforms) = postSolution
		{9AB85D50-15AC-40ED-9D7B-E8AD8988B4D7}.Debug|x64.ActiveCfg = Debug|x64
		{9AB85D50-15AC-40ED-9D7B-E8AD8988B4D7}.Debug|x64.Build.0 = Debug|x64
		{9AB85D50-15AC-40ED-9D7B-E8AD8988B4D7}.Debug|x86.ActiveCfg = Debug|Win32
		{9AB85D50-15AC-40ED-9D7B-E8AD8988B4D7}.Debug|x86.Build.0 = Debug|Win32
		{9AB85D50-15AC-40ED-9D7B-E8AD8988B4D7}.Release|x64.ActiveCfg = Release|x64
		{9AB85D50-15AC-40ED-9D7B-E8AD8988B4D7}.Release|x64.Build.0 = Release|x64
		{9AB85D50-15AC-40ED-9D7B-E8AD8988B4D7}.Release|x86.ActiveCfg = Release|Win32
		{9AB85D50-15AC-40ED-9D7B-E8AD8988B4D7}.Release|x86.Build.0 = Release|Win32
		{3B18CB3D-4CD6-44A1-9735-2F0DB81CF6ED}.Debug|x64.ActiveCfg = Debug|x64
		{3B18CB3D-4CD6-44A1-9735-2F0DB81CF6ED}.Debug|x64.Build.0 = Debug|x64
		{3B18CB3D-4CD6-44A1-9735-2F0DB81CF6ED}.Debug|x86.ActiveCfg = Debug|Win32
		{3B18CB3D-4CD6-44A1-9735-2F0DB81CF6ED}.Debug|x86.Build.0 = Debug|Win32
		{3B18CB3D-4CD6-44A1-9735-2F0DB81CF6ED}.Release|x64.ActiveCfg = Release|x64
		{3B18CB3D-4CD6-44A1-9735-2F0DB81CF6ED}.Release|x64.Build.0 = Release|x64
		{3B18CB3D-4CD6-44A1-9735-2F0DB81CF6ED}.Release|x86.ActiveCfg = Release|Win32
		{3B18CB3D-4CD6-44A1-9735-2F0DB81CF6ED}.Release|x86.Build.0 = Release|Win32
		{56304F71-0236-4A8D-9BC5-E06488F2ED3D}.Debug|x64.ActiveCfg = Debug|x64
		{56304F71-0236-4A8D-9BC5-E06488F2ED3D}.Debug|x64.Build.0 = Debug|x64
		{56304F71-0236-4A8D-9BC5-E06488F2ED3D}.Debug|x86.ActiveCfg = Debug|Win32
		{56304F71-0236-4A8D-9BC5-E06488F2ED3D}.Debug|x86.Build.0 = Debug|Win32
		{56304F71-0236-4A8D-9BC5-E06488F2ED3D}.Release|x64.ActiveCfg = Release|x64
		{56304F71-0236-4A8D-9BC5-E06488F2ED3D}.Release|x64.Build.0 = Release|x64
		{56304F71-0236-4A8D-9BC5-E06488F2ED3D}.Release|x86.ActiveCfg = Release|Win32
		{56304F71-0236-4A8D-9BC5-E06488F2ED3D}.Release|x86.Build.0 = Release|Win32
	EndGlobalSection
	GlobalSection(SolutionProperties) = preSolution
		HideSolutionNode = FALSE
	EndGlobalSection
	GlobalSection(ExtensibilityGlobals) = postSolution
		SolutionGuid = {9589A6EE-3F3D-499B-9F51-CEAF7232AAAF}
	EndGlobalSection
EndGlobal
